
Microsoft Visual Studio Solution File, Format Version 12.00
# Visual Studio 15
VisualStudioVersion = 15.0.28307.960
MinimumVisualStudioVersion = 10.0.40219.1
Project("{FAE04EC0-301F-11D3-BF4B-00C04F79EFBC}") = "BookEventApplicationMVCAssignment", "BookEventApplicationMVCAssignment\BookEventApplicationMVCAssignment.csproj", "{672BE0FF-6649-4160-B585-FE25AB187E64}"
EndProject
Project("{FAE04EC0-301F-11D3-BF4B-00C04F79EFBC}") = "BusinessLogics", "BusinessLogics\BusinessLogics.csproj", "{B891AC7C-18FD-47D9-94BC-0DCCE70AFDBB}"
EndProject
Project("{FAE04EC0-301F-11D3-BF4B-00C04F79EFBC}") = "BusinessObjects", "BusinessObjects\BusinessObjects.csproj", "{63393750-B18D-4742-B5ED-9403206CE3FF}"
EndProject
Project("{FAE04EC0-301F-11D3-BF4B-00C04F79EFBC}") = "DataAccess", "DataAccess\DataAccess.csproj", "{BA3DF35D-6B64-4957-8CA5-08885A3D24FD}"
EndProject
Project("{FAE04EC0-301F-11D3-BF4B-00C04F79EFBC}") = "BookEventAppUnitTest", "UnitTestProject1\BookEventAppUnitTest.csproj", "{83F8DD6F-C0C1-49E3-B501-9CE78308026B}"
EndProject
Global
	GlobalSection(SolutionConfigurationPlatforms) = preSolution
		Debug|Any CPU = Debug|Any CPU
		Release|Any CPU = Release|Any CPU
	EndGlobalSection
	GlobalSection(ProjectConfigurationPlatforms) = postSolution
		{672BE0FF-6649-4160-B585-FE25AB187E64}.Debug|Any CPU.ActiveCfg = Debug|Any CPU
		{672BE0FF-6649-4160-B585-FE25AB187E64}.Debug|Any CPU.Build.0 = Debug|Any CPU
		{672BE0FF-6649-4160-B585-FE25AB187E64}.Release|Any CPU.ActiveCfg = Release|Any CPU
		{672BE0FF-6649-4160-B585-FE25AB187E64}.Release|Any CPU.Build.0 = Release|Any CPU
		{B891AC7C-18FD-47D9-94BC-0DCCE70AFDBB}.Debug|Any CPU.ActiveCfg = Debug|Any CPU
		{B891AC7C-18FD-47D9-94BC-0DCCE70AFDBB}.Debug|Any CPU.Build.0 = Debug|Any CPU
		{B891AC7C-18FD-47D9-94BC-0DCCE70AFDBB}.Release|Any CPU.ActiveCfg = Release|Any CPU
		{B891AC7C-18FD-47D9-94BC-0DCCE70AFDBB}.Release|Any CPU.Build.0 = Release|Any CPU
		{63393750-B18D-4742-B5ED-9403206CE3FF}.Debug|Any CPU.ActiveCfg = Debug|Any CPU
		{63393750-B18D-4742-B5ED-9403206CE3FF}.Debug|Any CPU.Build.0 = Debug|Any CPU
		{63393750-B18D-4742-B5ED-9403206CE3FF}.Release|Any CPU.ActiveCfg = Release|Any CPU
		{63393750-B18D-4742-B5ED-9403206CE3FF}.Release|Any CPU.Build.0 = Release|Any CPU
		{BA3DF35D-6B64-4957-8CA5-08885A3D24FD}.Debug|Any CPU.ActiveCfg = Debug|Any CPU
		{BA3DF35D-6B64-4957-8CA5-08885A3D24FD}.Debug|Any CPU.Build.0 = Debug|Any CPU
		{BA3DF35D-6B64-4957-8CA5-08885A3D24FD}.Release|Any CPU.ActiveCfg = Release|Any CPU
		{BA3DF35D-6B64-4957-8CA5-08885A3D24FD}.Release|Any CPU.Build.0 = Release|Any CPU
		{83F8DD6F-C0C1-49E3-B501-9CE78308026B}.Debug|Any CPU.ActiveCfg = Debug|Any CPU
		{83F8DD6F-C0C1-49E3-B501-9CE78308026B}.Debug|Any CPU.Build.0 = Debug|Any CPU
		{83F8DD6F-C0C1-49E3-B501-9CE78308026B}.Release|Any CPU.ActiveCfg = Release|Any CPU
		{83F8DD6F-C0C1-49E3-B501-9CE78308026B}.Release|Any CPU.Build.0 = Release|Any CPU
	EndGlobalSection
	GlobalSection(SolutionProperties) = preSolution
		HideSolutionNode = FALSE
	EndGlobalSection
	GlobalSection(ExtensibilityGlobals) = postSolution
		SolutionGuid = {D2618C25-AC11-4C65-9ACD-0F13CCFFE9C4}
	EndGlobalSection
EndGlobal
